<Solution>
  <Project Path="ScientificJournal.Entities.MinhPV/ScientificJournal.Entities.MinhPV.csproj" />
  <Project Path="ScientificJournal.Repositories.MinhPV/ScientificJournal.Repositories.MinhPV.csproj" />
  <Project Path="ScientificJournal.Services.MinhPV/ScientificJournal.Services.MinhPV.csproj" />
  <Project Path="ScientificJournal.WebMVCApp.MinhPV/ScientificJournal.WebMVCApp.MinhPV.csproj" />
</Solution>
